{
  "name": "128barcode-generator",
  "version": "1.0.0",
  "lockfileVersion": 3,
  "requires": true,
  "packages": {
    "": {
      "name": "128barcode-generator",
      "version": "1.0.0",
      "dependencies": {
        "bwip-js": "^4.4.0"
      }
    },
    "node_modules/bwip-js": {
      "version": "4.11.2",
      "resolved": "https://registry.npmjs.org/bwip-js/-/bwip-js-4.11.2.tgz",
      "integrity": "sha512-gAjZvO0a8n6NmzbtqRY5gLrYO4vNWtbmUXfyWG/NMG8/qJE66ahbzA8J0MvBkWnYY69zx3qfJQq4q9qu3Bm3FQ==",
      "license": "MIT",
      "bin": {
        "bwip-js": "bin/bwip-js.js"
      }
    }
  }
}
